lockfileVersion: '9.0'

settings:
  autoInstallPeers: true
  excludeLinksFromLockfile: false

importers:

  .: {}

  POS:
    devDependencies:
      node:
        specifier: ^20.0.0
        version: 20.20.2
      typescript:
        specifier: ^5.3.0
        version: 5.9.3

packages:

  node-bin-setup@1.1.4:
    resolution: {integrity: sha512-vWNHOne0ZUavArqPP5LJta50+S8R261Fr5SvGul37HbEDcowvLjwdvd0ZeSr0r2lTSrPxl6okq9QUw8BFGiAxA==}

  node@20.20.2:
    resolution: {integrity: sha512-giDTzFQM0UnrbqLamATGBoSjmY4VS29kNl8okF8bXOt6fOi6wg2e3wUhqxkVHdz20LO/+8fgj17ykZvaiFrAtQ==}
    engines: {npm: '>=5.0.0'}
    hasBin: true

  typescript@5.9.3:
    resolution: {integrity: sha512-jl1vZzPDinLr9eUt3J/t7V6FgNEw9QjvBPdysz9KfQDD41fQrC2Y4vKQdiaUpFT4bXlb1RHhLpp8wtm6M5TgSw==}
    engines: {node: '>=14.17'}
    hasBin: true

snapshots:

  node-bin-setup@1.1.4: {}

  node@20.20.2:
    dependencies:
      node-bin-setup: 1.1.4

  typescript@5.9.3: {}
